
Microsoft Visual Studio Solution File, Format Version 12.00
# Visual Studio Version 16
VisualStudioVersion = 16.0.29521.150
MinimumVisualStudioVersion = 10.0.40219.1
Project("{9A19103F-16F7-4668-BE54-9A1E7A4F7556}") = "Brandless.AspNetCore.OData.NetTopology.Sample", "Brandless.AspNetCore.OData.NetTopology.Sample\Brandless.AspNetCore.OData.NetTopology.Sample.csproj", "{55A0780F-A2DD-4F9C-AE9D-16B9F4060655}"
EndProject
Project("{9A19103F-16F7-4668-BE54-9A1E7A4F7556}") = "Brandless.AspNetCore.OData.NetTopology", "Brandless.AspNetCore.OData.NetTopology\Brandless.AspNetCore.OData.NetTopology.csproj", "{B963C877-6516-4888-8CF2-A332F1C27112}"
EndProject
Global
	GlobalSection(SolutionConfigurationPlatforms) = preSolution
		Debug|Any CPU = Debug|Any CPU
		Release|Any CPU = Release|Any CPU
	EndGlobalSection
	GlobalSection(ProjectConfigurationPlatforms) = postSolution
		{55A0780F-A2DD-4F9C-AE9D-16B9F4060655}.Debug|Any CPU.ActiveCfg = Debug|Any CPU
		{55A0780F-A2DD-4F9C-AE9D-16B9F4060655}.Debug|Any CPU.Build.0 = Debug|Any CPU
		{55A0780F-A2DD-4F9C-AE9D-16B9F4060655}.Release|Any CPU.ActiveCfg = Release|Any CPU
		{55A0780F-A2DD-4F9C-AE9D-16B9F4060655}.Release|Any CPU.Build.0 = Release|Any CPU
		{B963C877-6516-4888-8CF2-A332F1C27112}.Debug|Any CPU.ActiveCfg = Debug|Any CPU
		{B963C877-6516-4888-8CF2-A332F1C27112}.Debug|Any CPU.Build.0 = Debug|Any CPU
		{B963C877-6516-4888-8CF2-A332F1C27112}.Release|Any CPU.ActiveCfg = Release|Any CPU
		{B963C877-6516-4888-8CF2-A332F1C27112}.Release|Any CPU.Build.0 = Release|Any CPU
	EndGlobalSection
	GlobalSection(SolutionProperties) = preSolution
		HideSolutionNode = FALSE
	EndGlobalSection
	GlobalSection(ExtensibilityGlobals) = postSolution
		SolutionGuid = {91FE55BA-CB0F-460B-86A4-FDA10523C8CD}
	EndGlobalSection
EndGlobal
